// !$*UTF8*$!
{
	archiveVersion = 1;
	classes = {
	};
	objectVersion = 46;
	objects = {

/* Begin PBXBuildFile section */
		832D6B111C0985CC00462D15 /* AppDelegate.swift in Sources */ = {isa = PBXBuildFile; fileRef = 832D6B101C0985CC00462D15 /* AppDelegate.swift */; };
		832D6B131C0985CC00462D15 /* ViewController.swift in Sources */ = {isa = PBXBuildFile; fileRef = 832D6B121C0985CC00462D15 /* ViewController.swift */; };
		832D6B161C0985CC00462D15 /* Main.storyboard in Resources */ = {isa = PBXBuildFile; fileRef = 832D6B141C0985CC00462D15 /* Main.storyboard */; };
		832D6B181C0985CC00462D15 /* Assets.xcassets in Resources */ = {isa = PBXBuildFile; fileRef = 832D6B171C0985CC00462D15 /* Assets.xcassets */; };
		832D6B1B1C0985CC00462D15 /* LaunchScreen.storyboard in Resources */ = {isa = PBXBuildFile; fileRef = 832D6B191C0985CC00462D15 /* LaunchScreen.storyboard */; };
		832D6B231C0998DF00462D15 /* Minecraft.ttf in Resources */ = {isa = PBXBuildFile; fileRef = 832D6B221C0998DF00462D15 /* Minecraft.ttf */; };
		832D6B251C0AC8D300462D15 /* btn.wav in Resources */ = {isa = PBXBuildFile; fileRef = 832D6B241C0AC8D300462D15 /* btn.wav */; };
/* End PBXBuildFile section */

/* Begin PBXFileReference section */
		832D6B0D1C0985CB00462D15 /* retro2.app */ = {isa = PBXFileReference; explicitFileType = wrapper.application; includeInIndex = 0; path = retro2.app; sourceTree = BUILT_PRODUCTS_DIR; };
		832D6B101C0985CC00462D15 /* AppDelegate.swift */ = {isa = PBXFileReference; lastKnownFileType = sourcecode.swift; path = AppDelegate.swift; sourceTree = "<group>"; };
		832D6B121C0985CC00462D15 /* ViewController.swift */ = {isa = PBXFileReference; lastKnownFileType = sourcecode.swift; path = ViewController.swift; sourceTree = "<group>"; };
		832D6B151C0985CC00462D15 /* Base */ = {isa = PBXFileReference; lastKnownFileType = file.storyboard; name = Base; path = Base.lproj/Main.storyboard; sourceTree = "<group>"; };
		832D6B171C0985CC00462D15 /* Assets.xcassets */ = {isa = PBXFileReference; lastKnownFileType = folder.assetcatalog; path = Assets.xcassets; sourceTree = "<group>"; };
		832D6B1A1C0985CC00462D15 /* Base */ = {isa = PBXFileReference; lastKnownFileType = file.storyboard; name = Base; path = Base.lproj/LaunchScreen.storyboard; sourceTree = "<group>"; };
		832D6B1C1C0985CC00462D15 /* Info.plist */ = {isa = PBXFileReference; lastKnownFileType = text.plist.xml; path = Info.plist; sourceTree = "<group>"; };
		832D6B221C0998DF00462D15 /* Minecraft.ttf */ = {isa = PBXFileReference; lastKnownFileType = file; path = Minecraft.ttf; sourceTree = "<group>"; };
		832D6B241C0AC8D300462D15 /* btn.wav */ = {isa = PBXFileReference; lastKnownFileType = audio.wav; path = btn.wav; sourceTree = "<group>"; };
/* End PBXFileReference section */

/* Begin PBXFrameworksBuildPhase section */
		832D6B0A1C0985CB00462D15 /* Frameworks */ = {
			isa = PBXFrameworksBuildPhase;
			buildActionMask = 2147483647;
			files = (
			);
			runOnlyForDeploymentPostprocessing = 0;
		};
/* End PBXFrameworksBuildPhase section */

/* Begin PBXGroup section */
		832D6B041C0985CB00462D15 = {
			isa = PBXGroup;
			children = (
				832D6B0F1C0985CB00462D15 /* retro2 */,
				832D6B0E1C0985CB00462D15 /* Products */,
			);
			sourceTree = "<group>";
		};
		832D6B0E1C0985CB00462D15 /* Products */ = {
			isa = PBXGroup;
			children = (
				832D6B0D1C0985CB00462D15 /* retro2.app */,
			);
			name = Products;
			sourceTree = "<group>";
		};
		832D6B0F1C0985CB00462D15 /* retro2 */ = {
			isa = PBXGroup;
			children = (
				832D6B241C0AC8D300462D15 /* btn.wav */,
				832D6B221C0998DF00462D15 /* Minecraft.ttf */,
				832D6B101C0985CC00462D15 /* AppDelegate.swift */,
				832D6B121C0985CC00462D15 /* ViewController.swift */,
				832D6B141C0985CC00462D15 /* Main.storyboard */,
				832D6B171C0985CC00462D15 /* Assets.xcassets */,
				832D6B191C0985CC00462D15 /* LaunchScreen.storyboard */,
				832D6B1C1C0985CC00462D15 /* Info.plist */,
			);
			path = retro2;
			sourceTree = "<group>";
		};
/* End PBXGroup section */

/* Begin PBXNativeTarget section */
		832D6B0C1C0985CB00462D15 /* retro2 */ = {
			isa = PBXNativeTarget;
			buildConfigurationList = 832D6B1F1C0985CC00462D15 /* Build configuration list for PBXNativeTarget "retro2" */;
			buildPhases = (
				832D6B091C0985CB00462D15 /* Sources */,
				832D6B0A1C0985CB00462D15 /* Frameworks */,
				832D6B0B1C0985CB00462D15 /* Resources */,
			);
			buildRules = (
			);
			dependencies = (
			);
			name = retro2;
			productName = retro2;
			productReference = 832D6B0D1C0985CB00462D15 /* retro2.app */;
			productType = "com.apple.product-type.application";
		};
/* End PBXNativeTarget section */

/* Begin PBXProject section */
		832D6B051C0985CB00462D15 /* Project object */ = {
			isa = PBXProject;
			attributes = {
				LastSwiftUpdateCheck = 0710;
				LastUpgradeCheck = 0710;
				ORGANIZATIONNAME = "Christopher Rathnam";
				TargetAttributes = {
					832D6B0C1C0985CB00462D15 = {
						CreatedOnToolsVersion = 7.1.1;
						DevelopmentTeam = CRPHULN87P;
					};
				};
			};
			buildConfigurationList = 832D6B081C0985CB00462D15 /* Build configuration list for PBXProject "retro2" */;
			compatibilityVersion = "Xcode 3.2";
			developmentRegion = English;
			hasScannedForEncodings = 0;
			knownRegions = (
				en,
				Base,
			);
			mainGroup = 832D6B041C0985CB00462D15;
			productRefGroup = 832D6B0E1C0985CB00462D15 /* Products */;
			projectDirPath = "";
			projectRoot = "";
			targets = (
				832D6B0C1C0985CB00462D15 /* retro2 */,
			);
		};
/* End PBXProject section */

/* Begin PBXResourcesBuildPhase section */
		832D6B0B1C0985CB00462D15 /* Resources */ = {
			isa = PBXResourcesBuildPhase;
			buildActionMask = 2147483647;
			files = (
				832D6B251C0AC8D300462D15 /* btn.wav in Resources */,
				832D6B1B1C0985CC00462D15 /* LaunchScreen.storyboard in Resources */,
				832D6B181C0985CC00462D15 /* Assets.xcassets in Resources */,
				832D6B231C0998DF00462D15 /* Minecraft.ttf in Resources */,
				832D6B161C0985CC00462D15 /* Main.storyboard in Resources */,
			);
			runOnlyForDeploymentPostprocessing = 0;
		};
/* End PBXResourcesBuildPhase section */

/* Begin PBXSourcesBuildPhase section */
		832D6B091C0985CB00462D15 /* Sources */ = {
			isa = PBXSourcesBuildPhase;
			buildActionMask = 2147483647;
			files = (
				832D6B131C0985CC00462D15 /* ViewController.swift in Sources */,
				832D6B111C0985CC00462D15 /* AppDelegate.swift in Sources */,
			);
			runOnlyForDeploymentPostprocessing = 0;
		};
/* End PBXSourcesBuildPhase section */

/* Begin PBXVariantGroup section */
		832D6B141C0985CC00462D15 /* Main.storyboard */ = {
			isa = PBXVariantGroup;
			children = (
				832D6B151C0985CC00462D15 /* Base */,
			);
			name = Main.storyboard;
			sourceTree = "<group>";
		};
		832D6B191C0985CC00462D15 /* LaunchScreen.storyboard */ = {
			isa = PBXVariantGroup;
			children = (
				832D6B1A1C0985CC00462D15 /* Base */,
			);
			name = LaunchScreen.storyboard;
			sourceTree = "<group>";
		};
/* End PBXVariantGroup section */

/* Begin XCBuildConfiguration section */
		832D6B1D1C0985CC00462D15 /* Debug */ = {
			isa = XCBuildConfiguration;
			buildSettings = {
				ALWAYS_SEARCH_USER_PATHS = NO;
				CLANG_CXX_LANGUAGE_STANDARD = "gnu++0x";
				CLANG_CXX_LIBRARY = "libc++";
				CLANG_ENABLE_MODULES = YES;
				CLANG_ENABLE_OBJC_ARC = YES;
				CLANG_WARN_BOOL_CONVERSION = YES;
				CLANG_WARN_CONSTANT_CONVERSION = YES;
				CLANG_WARN_DIRECT_OBJC_ISA_USAGE = YES_ERROR;
				CLANG_WARN_EMPTY_BODY = YES;
				CLANG_WARN_ENUM_CONVERSION = YES;
				CLANG_WARN_INT_CONVERSION = YES;
				CLANG_WARN_OBJC_ROOT_CLASS = YES_ERROR;
				CLANG_WARN_UNREACHABLE_CODE = YES;
				CLANG_WARN__DUPLICATE_METHOD_MATCH = YES;
				"CODE_SIGN_IDENTITY[sdk=iphoneos*]" = "iPhone Developer";
				COPY_PHASE_STRIP = NO;
				DEBUG_INFORMATION_FORMAT = dwarf;
				ENABLE_STRICT_OBJC_MSGSEND = YES;
				ENABLE_TESTABILITY = YES;
				GCC_C_LANGUAGE_STANDARD = gnu99;
				GCC_DYNAMIC_NO_PIC = NO;
				GCC_NO_COMMON_BLOCKS = YES;
				GCC_OPTIMIZATION_LEVEL = 0;
				GCC_PREPROCESSOR_DEFINITIONS = (
					"DEBUG=1",
					"$(inherited)",
				);
				GCC_WARN_64_TO_32_BIT_CONVERSION = YES;
				GCC_WARN_ABOUT_RETURN_TYPE = YES_ERROR;
				GCC_WARN_UNDECLARED_SELECTOR = YES;
				GCC_WARN_UNINITIALIZED_AUTOS = YES_AGGRESSIVE;
				GCC_WARN_UNUSED_FUNCTION = YES;
				GCC_WARN_UNUSED_VARIABLE = YES;
				IPHONEOS_DEPLOYMENT_TARGET = 9.1;
				MTL_ENABLE_DEBUG_INFO = YES;
				ONLY_ACTIVE_ARCH = YES;
				SDKROOT = iphoneos;
				SWIFT_OPTIMIZATION_LEVEL = "-Onone";
				TARGETED_DEVICE_FAMILY = "1,2";
			};
			name = Debug;
		};
		832D6B1E1C0985CC00462D15 /* Release */ = {
			isa = XCBuildConfiguration;
			buildSettings = {
				ALWAYS_SEARCH_USER_PATHS = NO;
				CLANG_CXX_LANGUAGE_STANDARD = "gnu++0x";
				CLANG_CXX_LIBRARY = "libc++";
				CLANG_ENABLE_MODULES = YES;
				CLANG_ENABLE_OBJC_ARC = YES;
				CLANG_WARN_BOOL_CONVERSION = YES;
				CLANG_WARN_CONSTANT_CONVERSION = YES;
				CLANG_WARN_DIRECT_OBJC_ISA_USAGE = YES_ERROR;
				CLANG_WARN_EMPTY_BODY = YES;
				CLANG_WARN_ENUM_CONVERSION = YES;
				CLANG_WARN_INT_CONVERSION = YES;
				CLANG_WARN_OBJC_ROOT_CLASS = YES_ERROR;
				CLANG_WARN_UNREACHABLE_CODE = YES;
				CLANG_WARN__DUPLICATE_METHOD_MATCH = YES;
				"CODE_SIGN_IDENTITY[sdk=iphoneos*]" = "iPhone Developer";
				COPY_PHASE_STRIP = NO;
				DEBUG_INFORMATION_FORMAT = "dwarf-with-dsym";
				ENABLE_NS_ASSERTIONS = NO;
				ENABLE_STRICT_OBJC_MSGSEND = YES;
				GCC_C_LANGUAGE_STANDARD = gnu99;
				GCC_NO_COMMON_BLOCKS = YES;
				GCC_WARN_64_TO_32_BIT_CONVERSION = YES;
				GCC_WARN_ABOUT_RETURN_TYPE = YES_ERROR;
				GCC_WARN_UNDECLARED_SELECTOR = YES;
				GCC_WARN_UNINITIALIZED_AUTOS = YES_AGGRESSIVE;
				GCC_WARN_UNUSED_FUNCTION = YES;
				GCC_WARN_UNUSED_VARIABLE = YES;
				IPHONEOS_DEPLOYMENT_TARGET = 9.1;
				MTL_ENABLE_DEBUG_INFO = NO;
				SDKROOT = iphoneos;
				TARGETED_DEVICE_FAMILY = "1,2";
				VALIDATE_PRODUCT = YES;
			};
			name = Release;
		};
		832D6B201C0985CC00462D15 /* Debug */ = {
			isa = XCBuildConfiguration;
			buildSettings = {
				ASSETCATALOG_COMPILER_APPICON_NAME = AppIcon;
				CODE_SIGN_IDENTITY = "iPhone Developer";
				"CODE_SIGN_IDENTITY[sdk=iphoneos*]" = "iPhone Developer";
				INFOPLIST_FILE = retro2/Info.plist;
				LD_RUNPATH_SEARCH_PATHS = "$(inherited) @executable_path/Frameworks";
				PRODUCT_BUNDLE_IDENTIFIER = CRDevelopers.retro2;
				PRODUCT_NAME = "$(TARGET_NAME)";
				PROVISIONING_PROFILE = "";
			};
			name = Debug;
		};
		832D6B211C0985CC00462D15 /* Release */ = {
			isa = XCBuildConfiguration;
			buildSettings = {
				ASSETCATALOG_COMPILER_APPICON_NAME = AppIcon;
				CODE_SIGN_IDENTITY = "iPhone Developer";
				"CODE_SIGN_IDENTITY[sdk=iphoneos*]" = "iPhone Developer";
				INFOPLIST_FILE = retro2/Info.plist;
				LD_RUNPATH_SEARCH_PATHS = "$(inherited) @executable_path/Frameworks";
				PRODUCT_BUNDLE_IDENTIFIER = CRDevelopers.retro2;
				PRODUCT_NAME = "$(TARGET_NAME)";
				PROVISIONING_PROFILE = "";
			};
			name = Release;
		};
/* End XCBuildConfiguration section */

/* Begin XCConfigurationList section */
		832D6B081C0985CB00462D15 /* Build configuration list for PBXProject "retro2" */ = {
			isa = XCConfigurationList;
			buildConfigurations = (
				832D6B1D1C0985CC00462D15 /* Debug */,
				832D6B1E1C0985CC00462D15 /* Release */,
			);
			defaultConfigurationIsVisible = 0;
			defaultConfigurationName = Release;
		};
		832D6B1F1C0985CC00462D15 /* Build configuration list for PBXNativeTarget "retro2" */ = {
			isa = XCConfigurationList;
			buildConfigurations = (
				832D6B201C0985CC00462D15 /* Debug */,
				832D6B211C0985CC00462D15 /* Release */,
			);
			defaultConfigurationIsVisible = 0;
			defaultConfigurationName = Release;
		};
/* End XCConfigurationList section */
	};
	rootObject = 832D6B051C0985CB00462D15 /* Project object */;
}
